
Microsoft Visual Studio Solution File, Format Version 12.00
# Visual Studio Version 17
VisualStudioVersion = 17.0.31903.59
MinimumVisualStudioVersion = 10.0.40219.1
Project("{2150E333-8FDC-42A3-9474-1A3956D46DE8}") = "topico-02-classes-e-objetos", "topico-02-classes-e-objetos", "{093CA2ED-C553-8DB9-1794-C828AAD37021}"
EndProject
Project("{FAE04EC0-301F-11D3-BF4B-00C04F79EFBC}") = "Topico02", "topico-02-classes-e-objetos\Topico02.csproj", "{5D280A61-2EF1-4355-92D8-73AEE1026F81}"
EndProject
Project("{2150E333-8FDC-42A3-9474-1A3956D46DE8}") = "tests", "tests", "{0AB3BF05-4346-4AA6-1389-037BE0695223}"
EndProject
Project("{FAE04EC0-301F-11D3-BF4B-00C04F79EFBC}") = "ModelagemOO.Tests", "tests\ModelagemOO.Tests\ModelagemOO.Tests.csproj", "{5EE98F07-433D-49B9-8419-9E65DE57A421}"
EndProject
Global
	GlobalSection(SolutionConfigurationPlatforms) = preSolution
		Debug|Any CPU = Debug|Any CPU
		Debug|x64 = Debug|x64
		Debug|x86 = Debug|x86
		Release|Any CPU = Release|Any CPU
		Release|x64 = Release|x64
		Release|x86 = Release|x86
	EndGlobalSection
	GlobalSection(ProjectConfigurationPlatforms) = postSolution
		{5D280A61-2EF1-4355-92D8-73AEE1026F81}.Debug|Any CPU.ActiveCfg = Debug|Any CPU
		{5D280A61-2EF1-4355-92D8-73AEE1026F81}.Debug|Any CPU.Build.0 = Debug|Any CPU
		{5D280A61-2EF1-4355-92D8-73AEE1026F81}.Debug|x64.ActiveCfg = Debug|Any CPU
		{5D280A61-2EF1-4355-92D8-73AEE1026F81}.Debug|x64.Build.0 = Debug|Any CPU
		{5D280A61-2EF1-4355-92D8-73AEE1026F81}.Debug|x86.ActiveCfg = Debug|Any CPU
		{5D280A61-2EF1-4355-92D8-73AEE1026F81}.Debug|x86.Build.0 = Debug|Any CPU
		{5D280A61-2EF1-4355-92D8-73AEE1026F81}.Release|Any CPU.ActiveCfg = Release|Any CPU
		{5D280A61-2EF1-4355-92D8-73AEE1026F81}.Release|Any CPU.Build.0 = Release|Any CPU
		{5D280A61-2EF1-4355-92D8-73AEE1026F81}.Release|x64.ActiveCfg = Release|Any CPU
		{5D280A61-2EF1-4355-92D8-73AEE1026F81}.Release|x64.Build.0 = Release|Any CPU
		{5D280A61-2EF1-4355-92D8-73AEE1026F81}.Release|x86.ActiveCfg = Release|Any CPU
		{5D280A61-2EF1-4355-92D8-73AEE1026F81}.Release|x86.Build.0 = Release|Any CPU
		{5EE98F07-433D-49B9-8419-9E65DE57A421}.Debug|Any CPU.ActiveCfg = Debug|Any CPU
		{5EE98F07-433D-49B9-8419-9E65DE57A421}.Debug|Any CPU.Build.0 = Debug|Any CPU
		{5EE98F07-433D-49B9-8419-9E65DE57A421}.Debug|x64.ActiveCfg = Debug|Any CPU
		{5EE98F07-433D-49B9-8419-9E65DE57A421}.Debug|x64.Build.0 = Debug|Any CPU
		{5EE98F07-433D-49B9-8419-9E65DE57A421}.Debug|x86.ActiveCfg = Debug|Any CPU
		{5EE98F07-433D-49B9-8419-9E65DE57A421}.Debug|x86.Build.0 = Debug|Any CPU
		{5EE98F07-433D-49B9-8419-9E65DE57A421}.Release|Any CPU.ActiveCfg = Release|Any CPU
		{5EE98F07-433D-49B9-8419-9E65DE57A421}.Release|Any CPU.Build.0 = Release|Any CPU
		{5EE98F07-433D-49B9-8419-9E65DE57A421}.Release|x64.ActiveCfg = Release|Any CPU
		{5EE98F07-433D-49B9-8419-9E65DE57A421}.Release|x64.Build.0 = Release|Any CPU
		{5EE98F07-433D-49B9-8419-9E65DE57A421}.Release|x86.ActiveCfg = Release|Any CPU
		{5EE98F07-433D-49B9-8419-9E65DE57A421}.Release|x86.Build.0 = Release|Any CPU
	EndGlobalSection
	GlobalSection(SolutionProperties) = preSolution
		HideSolutionNode = FALSE
	EndGlobalSection
	GlobalSection(NestedProjects) = preSolution
		{5D280A61-2EF1-4355-92D8-73AEE1026F81} = {093CA2ED-C553-8DB9-1794-C828AAD37021}
		{5EE98F07-433D-49B9-8419-9E65DE57A421} = {0AB3BF05-4346-4AA6-1389-037BE0695223}
	EndGlobalSection
EndGlobal
